{
  "name": "wisepen-fetcher",
  "version": "1.0.0",
  "lockfileVersion": 3,
  "requires": true,
  "packages": {
    "": {
      "name": "wisepen-fetcher",
      "version": "1.0.0",
      "hasInstallScript": true,
      "dependencies": {
        "rebrowser-playwright": "^1.52.0",
        "turndown": "^7.2.4"
      }
    },
    "node_modules/@mixmark-io/domino": {
      "version": "2.2.0",
      "resolved": "https://registry.npmjs.org/@mixmark-io/domino/-/domino-2.2.0.tgz",
      "integrity": "sha512-Y28PR25bHXUg88kCV7nivXrP2Nj2RueZ3/l/jdx6J9f8J4nsEGcgX0Qe6lt7Pa+J79+kPiJU3LguR6O/6zrLOw==",
      "license": "BSD-2-Clause"
    },
    "node_modules/fsevents": {
      "version": "2.3.2",
      "resolved": "https://registry.npmjs.org/fsevents/-/fsevents-2.3.2.tgz",
      "integrity": "sha512-xiqMQR4xAeHTuB9uWm+fFRcIOgKBMiOBP+eXiyT7jsgVCq1bkVygt00oASowB7EdtpOHaaPgKt812P9ab+DDKA==",
      "hasInstallScript": true,
      "license": "MIT",
      "optional": true,
      "os": [
        "darwin"
      ],
      "engines": {
        "node": "^8.16.0 || ^10.6.0 || >=11.0.0"
      }
    },
    "node_modules/playwright-core": {
      "name": "rebrowser-playwright-core",
      "version": "1.52.0",
      "resolved": "https://registry.npmjs.org/rebrowser-playwright-core/-/rebrowser-playwright-core-1.52.0.tgz",
      "integrity": "sha512-gjrvLNh0RX6B/tg6pWaPNGf+9+z1Jl2EyAh5MXD5xMa2lputGRZ9V2MJ/uofcC5Np3vSOJ3SdVSRqwteC0FjfQ==",
      "license": "Apache-2.0",
      "bin": {
        "playwright-core": "cli.js"
      },
      "engines": {
        "node": ">=18"
      }
    },
    "node_modules/rebrowser-playwright": {
      "version": "1.52.0",
      "resolved": "https://registry.npmjs.org/rebrowser-playwright/-/rebrowser-playwright-1.52.0.tgz",
      "integrity": "sha512-UjpqfwmF9+XtOuCCxGQ2ZlLeuSaSv//4Z6ZQgYPsJovz3d7nWodCd2hSRQigAswAUnsPmVwnQUpSn+TLKaKV+A==",
      "license": "Apache-2.0",
      "dependencies": {
        "playwright-core": "npm:rebrowser-playwright-core@~1.52.0"
      },
      "bin": {
        "playwright": "cli.js"
      },
      "engines": {
        "node": ">=18"
      },
      "optionalDependencies": {
        "fsevents": "2.3.2"
      }
    },
    "node_modules/turndown": {
      "version": "7.2.4",
      "resolved": "https://registry.npmjs.org/turndown/-/turndown-7.2.4.tgz",
      "integrity": "sha512-I8yFsfRzmzK0WV1pNNOA4A7y4RDfFxPRxb3t+e3ui14qSGOxGtiSP6GjeX+Y6CHb7HYaFj7ECUD7VE5kQMZWGQ==",
      "license": "MIT",
      "dependencies": {
        "@mixmark-io/domino": "^2.2.0"
      },
      "engines": {
        "node": ">=18",
        "npm": ">=9"
      }
    }
  }
}
